
Microsoft Visual Studio Solution File, Format Version 12.00
# Visual Studio 2012
Project("{FAE04EC0-301F-11D3-BF4B-00C04F79EFBC}") = "WCFReferenceService", "WCFReference\WCFReferenceService.csproj", "{53CA61DD-D529-4912-BECE-F65BCE7D57EB}"
EndProject
Project("{FAE04EC0-301F-11D3-BF4B-00C04F79EFBC}") = "WCFReferenceServiceClient", "WCFReferenceServiceClient\WCFReferenceServiceClient.csproj", "{93333DBB-39ED-40E9-8614-E8188C85BCC1}"
	ProjectSection(ProjectDependencies) = postProject
		{53CA61DD-D529-4912-BECE-F65BCE7D57EB} = {53CA61DD-D529-4912-BECE-F65BCE7D57EB}
	EndProjectSection
EndProject
Global
	GlobalSection(SolutionConfigurationPlatforms) = preSolution
		Debug|Any CPU = Debug|Any CPU
		Release|Any CPU = Release|Any CPU
	EndGlobalSection
	GlobalSection(ProjectConfigurationPlatforms) = postSolution
		{53CA61DD-D529-4912-BECE-F65BCE7D57EB}.Debug|Any CPU.ActiveCfg = Debug|Any CPU
		{53CA61DD-D529-4912-BECE-F65BCE7D57EB}.Debug|Any CPU.Build.0 = Debug|Any CPU
		{53CA61DD-D529-4912-BECE-F65BCE7D57EB}.Release|Any CPU.ActiveCfg = Release|Any CPU
		{53CA61DD-D529-4912-BECE-F65BCE7D57EB}.Release|Any CPU.Build.0 = Release|Any CPU
		{93333DBB-39ED-40E9-8614-E8188C85BCC1}.Debug|Any CPU.ActiveCfg = Debug|Any CPU
		{93333DBB-39ED-40E9-8614-E8188C85BCC1}.Debug|Any CPU.Build.0 = Debug|Any CPU
		{93333DBB-39ED-40E9-8614-E8188C85BCC1}.Release|Any CPU.ActiveCfg = Release|Any CPU
		{93333DBB-39ED-40E9-8614-E8188C85BCC1}.Release|Any CPU.Build.0 = Release|Any CPU
	EndGlobalSection
	GlobalSection(SolutionProperties) = preSolution
		HideSolutionNode = FALSE
	EndGlobalSection
EndGlobal
